
Microsoft Visual Studio Solution File, Format Version 12.00
# Visual Studio Version 16
VisualStudioVersion = 16.0.29920.165
MinimumVisualStudioVersion = 10.0.40219.1
Project("{9A19103F-16F7-4668-BE54-9A1E7A4F7556}") = "SimpleTcpRelay", "SimpleTcpRelay\SimpleTcpRelay.csproj", "{A1BCC9CA-7FFB-4A79-8C3F-5F031B13372C}"
EndProject
Project("{FAE04EC0-301F-11D3-BF4B-00C04F79EFBC}") = "SimpleTcpRelayTest", "SimpleTcpRelayTest\SimpleTcpRelayTest.csproj", "{1066C069-5225-4007-9F3B-8CF6A76DC918}"
EndProject
Global
	GlobalSection(SolutionConfigurationPlatforms) = preSolution
		Debug|Any CPU = Debug|Any CPU
		Release|Any CPU = Release|Any CPU
	EndGlobalSection
	GlobalSection(ProjectConfigurationPlatforms) = postSolution
		{A1BCC9CA-7FFB-4A79-8C3F-5F031B13372C}.Debug|Any CPU.ActiveCfg = Debug|Any CPU
		{A1BCC9CA-7FFB-4A79-8C3F-5F031B13372C}.Debug|Any CPU.Build.0 = Debug|Any CPU
		{A1BCC9CA-7FFB-4A79-8C3F-5F031B13372C}.Release|Any CPU.ActiveCfg = Release|Any CPU
		{A1BCC9CA-7FFB-4A79-8C3F-5F031B13372C}.Release|Any CPU.Build.0 = Release|Any CPU
		{1066C069-5225-4007-9F3B-8CF6A76DC918}.Debug|Any CPU.ActiveCfg = Debug|Any CPU
		{1066C069-5225-4007-9F3B-8CF6A76DC918}.Debug|Any CPU.Build.0 = Debug|Any CPU
		{1066C069-5225-4007-9F3B-8CF6A76DC918}.Release|Any CPU.ActiveCfg = Release|Any CPU
		{1066C069-5225-4007-9F3B-8CF6A76DC918}.Release|Any CPU.Build.0 = Release|Any CPU
	EndGlobalSection
	GlobalSection(SolutionProperties) = preSolution
		HideSolutionNode = FALSE
	EndGlobalSection
	GlobalSection(ExtensibilityGlobals) = postSolution
		SolutionGuid = {AE80847B-4F98-4736-9479-716C88E698F4}
	EndGlobalSection
EndGlobal
